
Microsoft Visual Studio Solution File, Format Version 12.00
# Visual Studio 14
VisualStudioVersion = 14.0.24720.0
MinimumVisualStudioVersion = 10.0.40219.1
Project("{FAE04EC0-301F-11D3-BF4B-00C04F79EFBC}") = "AsianApi", "AsianApi\AsianApi.csproj", "{DA5AE18B-AC7B-479D-B646-190DE5C35ED9}"
EndProject
Project("{FAE04EC0-301F-11D3-BF4B-00C04F79EFBC}") = "WpfApplication2", "WpfApplication2\WpfApplication2.csproj", "{8C2CA500-D607-469C-A955-BD1545F2CE18}"
EndProject
Global
	GlobalSection(SolutionConfigurationPlatforms) = preSolution
		Debug|Any CPU = Debug|Any CPU
		Debug|x86 = Debug|x86
		Release|Any CPU = Release|Any CPU
		Release|x86 = Release|x86
	EndGlobalSection
	GlobalSection(ProjectConfigurationPlatforms) = postSolution
		{DA5AE18B-AC7B-479D-B646-190DE5C35ED9}.Debug|Any CPU.ActiveCfg = Debug|Any CPU
		{DA5AE18B-AC7B-479D-B646-190DE5C35ED9}.Debug|Any CPU.Build.0 = Debug|Any CPU
		{DA5AE18B-AC7B-479D-B646-190DE5C35ED9}.Debug|Any CPU.Deploy.0 = Debug|Any CPU
		{DA5AE18B-AC7B-479D-B646-190DE5C35ED9}.Debug|x86.ActiveCfg = Debug|x86
		{DA5AE18B-AC7B-479D-B646-190DE5C35ED9}.Debug|x86.Build.0 = Debug|x86
		{DA5AE18B-AC7B-479D-B646-190DE5C35ED9}.Release|Any CPU.ActiveCfg = Release|Any CPU
		{DA5AE18B-AC7B-479D-B646-190DE5C35ED9}.Release|Any CPU.Build.0 = Release|Any CPU
		{DA5AE18B-AC7B-479D-B646-190DE5C35ED9}.Release|x86.ActiveCfg = Release|x86
		{DA5AE18B-AC7B-479D-B646-190DE5C35ED9}.Release|x86.Build.0 = Release|x86
		{8C2CA500-D607-469C-A955-BD1545F2CE18}.Debug|Any CPU.ActiveCfg = Debug|Any CPU
		{8C2CA500-D607-469C-A955-BD1545F2CE18}.Debug|Any CPU.Build.0 = Debug|Any CPU
		{8C2CA500-D607-469C-A955-BD1545F2CE18}.Debug|x86.ActiveCfg = Debug|Any CPU
		{8C2CA500-D607-469C-A955-BD1545F2CE18}.Debug|x86.Build.0 = Debug|Any CPU
		{8C2CA500-D607-469C-A955-BD1545F2CE18}.Release|Any CPU.ActiveCfg = Release|Any CPU
		{8C2CA500-D607-469C-A955-BD1545F2CE18}.Release|Any CPU.Build.0 = Release|Any CPU
		{8C2CA500-D607-469C-A955-BD1545F2CE18}.Release|x86.ActiveCfg = Release|Any CPU
		{8C2CA500-D607-469C-A955-BD1545F2CE18}.Release|x86.Build.0 = Release|Any CPU
	EndGlobalSection
	GlobalSection(SolutionProperties) = preSolution
		HideSolutionNode = FALSE
	EndGlobalSection
EndGlobal
